
Microsoft Visual Studio Solution File, Format Version 12.00
# Visual Studio Version 17
VisualStudioVersion = 17.10.35013.160
MinimumVisualStudioVersion = 10.0.40219.1
Project("{FAE04EC0-301F-11D3-BF4B-00C04F79EFBC}") = "Chorus.WindowsBeaconApp", "Chorus.WindowsBeaconApp\Chorus.WindowsBeaconApp.csproj", "{9320CDD5-B43B-4A14-9AA3-A27866D7D394}"
EndProject
Project("{FAE04EC0-301F-11D3-BF4B-00C04F79EFBC}") = "Chorus.WindowsReader.BusinessLogic", "Chorus.WindowsReader.BusinessLogic\Chorus.WindowsReader.BusinessLogic.csproj", "{3DEB3DE2-62CD-4837-AEF9-7AC79FCBA7C3}"
EndProject
Project("{FAE04EC0-301F-11D3-BF4B-00C04F79EFBC}") = "Chorus.WindowsBeacon.BusinessLogic", "Chorus.WindowsBeacon.BusinessLogic\Chorus.WindowsBeacon.BusinessLogic.csproj", "{E353DE75-74F8-498A-91A9-3414AFC26445}"
EndProject
Project("{FAE04EC0-301F-11D3-BF4B-00C04F79EFBC}") = "Chorus.WindowsReader.Common", "Chorus.WindowsReader.Common\Chorus.WindowsReader.Common.csproj", "{1CF76C8A-E366-4614-88C7-A6CEC80CF9E1}"
EndProject
Project("{FAE04EC0-301F-11D3-BF4B-00C04F79EFBC}") = "Chorus.WindowsReader.Security", "Chorus.WindowsReader.Security\Chorus.WindowsReader.Security.csproj", "{C28CC061-F58B-4FE9-A569-CE7EA0A6FBB3}"
EndProject
Project("{FAE04EC0-301F-11D3-BF4B-00C04F79EFBC}") = "Chorus.WindowsReaderApp.UnitTests", "Chorus.WindowsReaderApp.UnitTests\Chorus.WindowsReaderApp.UnitTests.csproj", "{2B1E63C0-B687-478A-A5A2-6D610527F320}"
EndProject
Project("{FAE04EC0-301F-11D3-BF4B-00C04F79EFBC}") = "Chorus.WindowsBeaconApp.UnitTests", "Chorus.WindowsBeaconApp.UnitTests\Chorus.WindowsBeaconApp.UnitTests.csproj", "{07E3F27F-826A-4103-A949-841F16FF0013}"
EndProject
Project("{C7167F0D-BC9F-4E6E-AFE1-012C56B48DB5}") = "Chorus.WindowsReader.Packaging", "Chorus.WindowsReader.Packaging\Chorus.WindowsReader.Packaging.wapproj", "{C4DED147-8C74-4F27-A02F-C0010210CC01}"
EndProject
Project("{FAE04EC0-301F-11D3-BF4B-00C04F79EFBC}") = "Chorus.WindowsReader.Ingestion", "Chorus.WindowsReader.Ingestion\Chorus.WindowsReader.Ingestion.csproj", "{0B39EE7F-E6FD-4288-A562-6F0A3821F041}"
EndProject
Project("{FAE04EC0-301F-11D3-BF4B-00C04F79EFBC}") = "Chorus.WindowsReaderApp", "Chorus.WindowsReaderApp\Chorus.WindowsReaderApp.csproj", "{41713BED-5652-452F-A13F-F15F2FD7290A}"
EndProject
Global
	GlobalSection(SolutionConfigurationPlatforms) = preSolution
		Debug|Any CPU = Debug|Any CPU
		Debug|ARM = Debug|ARM
		Debug|ARM64 = Debug|ARM64
		Debug|x64 = Debug|x64
		Debug|x86 = Debug|x86
		Release|Any CPU = Release|Any CPU
		Release|ARM = Release|ARM
		Release|ARM64 = Release|ARM64
		Release|x64 = Release|x64
		Release|x86 = Release|x86
	EndGlobalSection
	GlobalSection(ProjectConfigurationPlatforms) = postSolution
		{9320CDD5-B43B-4A14-9AA3-A27866D7D394}.Debug|Any CPU.ActiveCfg = Debug|x64
		{9320CDD5-B43B-4A14-9AA3-A27866D7D394}.Debug|Any CPU.Build.0 = Debug|x64
		{9320CDD5-B43B-4A14-9AA3-A27866D7D394}.Debug|Any CPU.Deploy.0 = Debug|x64
		{9320CDD5-B43B-4A14-9AA3-A27866D7D394}.Debug|ARM.ActiveCfg = Debug|ARM
		{9320CDD5-B43B-4A14-9AA3-A27866D7D394}.Debug|ARM.Build.0 = Debug|ARM
		{9320CDD5-B43B-4A14-9AA3-A27866D7D394}.Debug|ARM.Deploy.0 = Debug|ARM
		{9320CDD5-B43B-4A14-9AA3-A27866D7D394}.Debug|ARM64.ActiveCfg = Debug|ARM64
		{9320CDD5-B43B-4A14-9AA3-A27866D7D394}.Debug|ARM64.Build.0 = Debug|ARM64
		{9320CDD5-B43B-4A14-9AA3-A27866D7D394}.Debug|ARM64.Deploy.0 = Debug|ARM64
		{9320CDD5-B43B-4A14-9AA3-A27866D7D394}.Debug|x64.ActiveCfg = Debug|x64
		{9320CDD5-B43B-4A14-9AA3-A27866D7D394}.Debug|x64.Build.0 = Debug|x64
		{9320CDD5-B43B-4A14-9AA3-A27866D7D394}.Debug|x64.Deploy.0 = Debug|x64
		{9320CDD5-B43B-4A14-9AA3-A27866D7D394}.Debug|x86.ActiveCfg = Debug|x86
		{9320CDD5-B43B-4A14-9AA3-A27866D7D394}.Debug|x86.Build.0 = Debug|x86
		{9320CDD5-B43B-4A14-9AA3-A27866D7D394}.Debug|x86.Deploy.0 = Debug|x86
		{9320CDD5-B43B-4A14-9AA3-A27866D7D394}.Release|Any CPU.ActiveCfg = Release|x64
		{9320CDD5-B43B-4A14-9AA3-A27866D7D394}.Release|Any CPU.Build.0 = Release|x64
		{9320CDD5-B43B-4A14-9AA3-A27866D7D394}.Release|Any CPU.Deploy.0 = Release|x64
		{9320CDD5-B43B-4A14-9AA3-A27866D7D394}.Release|ARM.ActiveCfg = Release|ARM
		{9320CDD5-B43B-4A14-9AA3-A27866D7D394}.Release|ARM.Build.0 = Release|ARM
		{9320CDD5-B43B-4A14-9AA3-A27866D7D394}.Release|ARM.Deploy.0 = Release|ARM
		{9320CDD5-B43B-4A14-9AA3-A27866D7D394}.Release|ARM64.ActiveCfg = Release|ARM64
		{9320CDD5-B43B-4A14-9AA3-A27866D7D394}.Release|ARM64.Build.0 = Release|ARM64
		{9320CDD5-B43B-4A14-9AA3-A27866D7D394}.Release|ARM64.Deploy.0 = Release|ARM64
		{9320CDD5-B43B-4A14-9AA3-A27866D7D394}.Release|x64.ActiveCfg = Release|x64
		{9320CDD5-B43B-4A14-9AA3-A27866D7D394}.Release|x64.Build.0 = Release|x64
		{9320CDD5-B43B-4A14-9AA3-A27866D7D394}.Release|x64.Deploy.0 = Release|x64
		{9320CDD5-B43B-4A14-9AA3-A27866D7D394}.Release|x86.ActiveCfg = Release|x86
		{9320CDD5-B43B-4A14-9AA3-A27866D7D394}.Release|x86.Build.0 = Release|x86
		{9320CDD5-B43B-4A14-9AA3-A27866D7D394}.Release|x86.Deploy.0 = Release|x86
		{3DEB3DE2-62CD-4837-AEF9-7AC79FCBA7C3}.Debug|Any CPU.ActiveCfg = Debug|Any CPU
		{3DEB3DE2-62CD-4837-AEF9-7AC79FCBA7C3}.Debug|Any CPU.Build.0 = Debug|Any CPU
		{3DEB3DE2-62CD-4837-AEF9-7AC79FCBA7C3}.Debug|ARM.ActiveCfg = Debug|ARM
		{3DEB3DE2-62CD-4837-AEF9-7AC79FCBA7C3}.Debug|ARM.Build.0 = Debug|ARM
		{3DEB3DE2-62CD-4837-AEF9-7AC79FCBA7C3}.Debug|ARM64.ActiveCfg = Debug|ARM64
		{3DEB3DE2-62CD-4837-AEF9-7AC79FCBA7C3}.Debug|ARM64.Build.0 = Debug|ARM64
		{3DEB3DE2-62CD-4837-AEF9-7AC79FCBA7C3}.Debug|x64.ActiveCfg = Debug|x64
		{3DEB3DE2-62CD-4837-AEF9-7AC79FCBA7C3}.Debug|x64.Build.0 = Debug|x64
		{3DEB3DE2-62CD-4837-AEF9-7AC79FCBA7C3}.Debug|x86.ActiveCfg = Debug|x86
		{3DEB3DE2-62CD-4837-AEF9-7AC79FCBA7C3}.Debug|x86.Build.0 = Debug|x86
		{3DEB3DE2-62CD-4837-AEF9-7AC79FCBA7C3}.Release|Any CPU.ActiveCfg = Release|Any CPU
		{3DEB3DE2-62CD-4837-AEF9-7AC79FCBA7C3}.Release|Any CPU.Build.0 = Release|Any CPU
		{3DEB3DE2-62CD-4837-AEF9-7AC79FCBA7C3}.Release|ARM.ActiveCfg = Release|ARM
		{3DEB3DE2-62CD-4837-AEF9-7AC79FCBA7C3}.Release|ARM.Build.0 = Release|ARM
		{3DEB3DE2-62CD-4837-AEF9-7AC79FCBA7C3}.Release|ARM64.ActiveCfg = Release|ARM64
		{3DEB3DE2-62CD-4837-AEF9-7AC79FCBA7C3}.Release|ARM64.Build.0 = Release|ARM64
		{3DEB3DE2-62CD-4837-AEF9-7AC79FCBA7C3}.Release|x64.ActiveCfg = Release|x64
		{3DEB3DE2-62CD-4837-AEF9-7AC79FCBA7C3}.Release|x64.Build.0 = Release|x64
		{3DEB3DE2-62CD-4837-AEF9-7AC79FCBA7C3}.Release|x86.ActiveCfg = Release|x86
		{3DEB3DE2-62CD-4837-AEF9-7AC79FCBA7C3}.Release|x86.Build.0 = Release|x86
		{E353DE75-74F8-498A-91A9-3414AFC26445}.Debug|Any CPU.ActiveCfg = Debug|Any CPU
		{E353DE75-74F8-498A-91A9-3414AFC26445}.Debug|Any CPU.Build.0 = Debug|Any CPU
		{E353DE75-74F8-498A-91A9-3414AFC26445}.Debug|ARM.ActiveCfg = Debug|ARM
		{E353DE75-74F8-498A-91A9-3414AFC26445}.Debug|ARM.Build.0 = Debug|ARM
		{E353DE75-74F8-498A-91A9-3414AFC26445}.Debug|ARM64.ActiveCfg = Debug|ARM64
		{E353DE75-74F8-498A-91A9-3414AFC26445}.Debug|ARM64.Build.0 = Debug|ARM64
		{E353DE75-74F8-498A-91A9-3414AFC26445}.Debug|x64.ActiveCfg = Debug|x64
		{E353DE75-74F8-498A-91A9-3414AFC26445}.Debug|x64.Build.0 = Debug|x64
		{E353DE75-74F8-498A-91A9-3414AFC26445}.Debug|x86.ActiveCfg = Debug|x86
		{E353DE75-74F8-498A-91A9-3414AFC26445}.Debug|x86.Build.0 = Debug|x86
		{E353DE75-74F8-498A-91A9-3414AFC26445}.Release|Any CPU.ActiveCfg = Release|Any CPU
		{E353DE75-74F8-498A-91A9-3414AFC26445}.Release|Any CPU.Build.0 = Release|Any CPU
		{E353DE75-74F8-498A-91A9-3414AFC26445}.Release|ARM.ActiveCfg = Release|ARM
		{E353DE75-74F8-498A-91A9-3414AFC26445}.Release|ARM.Build.0 = Release|ARM
		{E353DE75-74F8-498A-91A9-3414AFC26445}.Release|ARM64.ActiveCfg = Release|ARM64
		{E353DE75-74F8-498A-91A9-3414AFC26445}.Release|ARM64.Build.0 = Release|ARM64
		{E353DE75-74F8-498A-91A9-3414AFC26445}.Release|x64.ActiveCfg = Release|x64
		{E353DE75-74F8-498A-91A9-3414AFC26445}.Release|x64.Build.0 = Release|x64
		{E353DE75-74F8-498A-91A9-3414AFC26445}.Release|x86.ActiveCfg = Release|x86
		{E353DE75-74F8-498A-91A9-3414AFC26445}.Release|x86.Build.0 = Release|x86
		{1CF76C8A-E366-4614-88C7-A6CEC80CF9E1}.Debug|Any CPU.ActiveCfg = Debug|Any CPU
		{1CF76C8A-E366-4614-88C7-A6CEC80CF9E1}.Debug|Any CPU.Build.0 = Debug|Any CPU
		{1CF76C8A-E366-4614-88C7-A6CEC80CF9E1}.Debug|ARM.ActiveCfg = Debug|ARM
		{1CF76C8A-E366-4614-88C7-A6CEC80CF9E1}.Debug|ARM.Build.0 = Debug|ARM
		{1CF76C8A-E366-4614-88C7-A6CEC80CF9E1}.Debug|ARM64.ActiveCfg = Debug|ARM64
		{1CF76C8A-E366-4614-88C7-A6CEC80CF9E1}.Debug|ARM64.Build.0 = Debug|ARM64
		{1CF76C8A-E366-4614-88C7-A6CEC80CF9E1}.Debug|x64.ActiveCfg = Debug|x64
		{1CF76C8A-E366-4614-88C7-A6CEC80CF9E1}.Debug|x64.Build.0 = Debug|x64
		{1CF76C8A-E366-4614-88C7-A6CEC80CF9E1}.Debug|x86.ActiveCfg = Debug|x86
		{1CF76C8A-E366-4614-88C7-A6CEC80CF9E1}.Debug|x86.Build.0 = Debug|x86
		{1CF76C8A-E366-4614-88C7-A6CEC80CF9E1}.Release|Any CPU.ActiveCfg = Release|Any CPU
		{1CF76C8A-E366-4614-88C7-A6CEC80CF9E1}.Release|Any CPU.Build.0 = Release|Any CPU
		{1CF76C8A-E366-4614-88C7-A6CEC80CF9E1}.Release|ARM.ActiveCfg = Release|ARM
		{1CF76C8A-E366-4614-88C7-A6CEC80CF9E1}.Release|ARM.Build.0 = Release|ARM
		{1CF76C8A-E366-4614-88C7-A6CEC80CF9E1}.Release|ARM64.ActiveCfg = Release|ARM64
		{1CF76C8A-E366-4614-88C7-A6CEC80CF9E1}.Release|ARM64.Build.0 = Release|ARM64
		{1CF76C8A-E366-4614-88C7-A6CEC80CF9E1}.Release|x64.ActiveCfg = Release|x64
		{1CF76C8A-E366-4614-88C7-A6CEC80CF9E1}.Release|x64.Build.0 = Release|x64
		{1CF76C8A-E366-4614-88C7-A6CEC80CF9E1}.Release|x86.ActiveCfg = Release|x86
		{1CF76C8A-E366-4614-88C7-A6CEC80CF9E1}.Release|x86.Build.0 = Release|x86
		{C28CC061-F58B-4FE9-A569-CE7EA0A6FBB3}.Debug|Any CPU.ActiveCfg = Debug|Any CPU
		{C28CC061-F58B-4FE9-A569-CE7EA0A6FBB3}.Debug|Any CPU.Build.0 = Debug|Any CPU
		{C28CC061-F58B-4FE9-A569-CE7EA0A6FBB3}.Debug|ARM.ActiveCfg = Debug|ARM
		{C28CC061-F58B-4FE9-A569-CE7EA0A6FBB3}.Debug|ARM.Build.0 = Debug|ARM
		{C28CC061-F58B-4FE9-A569-CE7EA0A6FBB3}.Debug|ARM64.ActiveCfg = Debug|ARM64
		{C28CC061-F58B-4FE9-A569-CE7EA0A6FBB3}.Debug|ARM64.Build.0 = Debug|ARM64
		{C28CC061-F58B-4FE9-A569-CE7EA0A6FBB3}.Debug|x64.ActiveCfg = Debug|x64
		{C28CC061-F58B-4FE9-A569-CE7EA0A6FBB3}.Debug|x64.Build.0 = Debug|x64
		{C28CC061-F58B-4FE9-A569-CE7EA0A6FBB3}.Debug|x86.ActiveCfg = Debug|x86
		{C28CC061-F58B-4FE9-A569-CE7EA0A6FBB3}.Debug|x86.Build.0 = Debug|x86
		{C28CC061-F58B-4FE9-A569-CE7EA0A6FBB3}.Release|Any CPU.ActiveCfg = Release|Any CPU
		{C28CC061-F58B-4FE9-A569-CE7EA0A6FBB3}.Release|Any CPU.Build.0 = Release|Any CPU
		{C28CC061-F58B-4FE9-A569-CE7EA0A6FBB3}.Release|ARM.ActiveCfg = Release|ARM
		{C28CC061-F58B-4FE9-A569-CE7EA0A6FBB3}.Release|ARM.Build.0 = Release|ARM
		{C28CC061-F58B-4FE9-A569-CE7EA0A6FBB3}.Release|ARM64.ActiveCfg = Release|ARM64
		{C28CC061-F58B-4FE9-A569-CE7EA0A6FBB3}.Release|ARM64.Build.0 = Release|ARM64
		{C28CC061-F58B-4FE9-A569-CE7EA0A6FBB3}.Release|x64.ActiveCfg = Release|x64
		{C28CC061-F58B-4FE9-A569-CE7EA0A6FBB3}.Release|x64.Build.0 = Release|x64
		{C28CC061-F58B-4FE9-A569-CE7EA0A6FBB3}.Release|x86.ActiveCfg = Release|x86
		{C28CC061-F58B-4FE9-A569-CE7EA0A6FBB3}.Release|x86.Build.0 = Release|x86
		{2B1E63C0-B687-478A-A5A2-6D610527F320}.Debug|Any CPU.ActiveCfg = Debug|x64
		{2B1E63C0-B687-478A-A5A2-6D610527F320}.Debug|Any CPU.Build.0 = Debug|x64
		{2B1E63C0-B687-478A-A5A2-6D610527F320}.Debug|Any CPU.Deploy.0 = Debug|x64
		{2B1E63C0-B687-478A-A5A2-6D610527F320}.Debug|ARM.ActiveCfg = Debug|ARM
		{2B1E63C0-B687-478A-A5A2-6D610527F320}.Debug|ARM.Build.0 = Debug|ARM
		{2B1E63C0-B687-478A-A5A2-6D610527F320}.Debug|ARM.Deploy.0 = Debug|ARM
		{2B1E63C0-B687-478A-A5A2-6D610527F320}.Debug|ARM64.ActiveCfg = Debug|ARM64
		{2B1E63C0-B687-478A-A5A2-6D610527F320}.Debug|ARM64.Build.0 = Debug|ARM64
		{2B1E63C0-B687-478A-A5A2-6D610527F320}.Debug|ARM64.Deploy.0 = Debug|ARM64
		{2B1E63C0-B687-478A-A5A2-6D610527F320}.Debug|x64.ActiveCfg = Debug|x64
		{2B1E63C0-B687-478A-A5A2-6D610527F320}.Debug|x64.Build.0 = Debug|x64
		{2B1E63C0-B687-478A-A5A2-6D610527F320}.Debug|x64.Deploy.0 = Debug|x64
		{2B1E63C0-B687-478A-A5A2-6D610527F320}.Debug|x86.ActiveCfg = Debug|x86
		{2B1E63C0-B687-478A-A5A2-6D610527F320}.Debug|x86.Build.0 = Debug|x86
		{2B1E63C0-B687-478A-A5A2-6D610527F320}.Debug|x86.Deploy.0 = Debug|x86
		{2B1E63C0-B687-478A-A5A2-6D610527F320}.Release|Any CPU.ActiveCfg = Release|x64
		{2B1E63C0-B687-478A-A5A2-6D610527F320}.Release|Any CPU.Build.0 = Release|x64
		{2B1E63C0-B687-478A-A5A2-6D610527F320}.Release|Any CPU.Deploy.0 = Release|x64
		{2B1E63C0-B687-478A-A5A2-6D610527F320}.Release|ARM.ActiveCfg = Release|ARM
		{2B1E63C0-B687-478A-A5A2-6D610527F320}.Release|ARM.Build.0 = Release|ARM
		{2B1E63C0-B687-478A-A5A2-6D610527F320}.Release|ARM.Deploy.0 = Release|ARM
		{2B1E63C0-B687-478A-A5A2-6D610527F320}.Release|ARM64.ActiveCfg = Release|ARM64
		{2B1E63C0-B687-478A-A5A2-6D610527F320}.Release|ARM64.Build.0 = Release|ARM64
		{2B1E63C0-B687-478A-A5A2-6D610527F320}.Release|ARM64.Deploy.0 = Release|ARM64
		{2B1E63C0-B687-478A-A5A2-6D610527F320}.Release|x64.ActiveCfg = Release|x64
		{2B1E63C0-B687-478A-A5A2-6D610527F320}.Release|x64.Build.0 = Release|x64
		{2B1E63C0-B687-478A-A5A2-6D610527F320}.Release|x64.Deploy.0 = Release|x64
		{2B1E63C0-B687-478A-A5A2-6D610527F320}.Release|x86.ActiveCfg = Release|x86
		{2B1E63C0-B687-478A-A5A2-6D610527F320}.Release|x86.Build.0 = Release|x86
		{2B1E63C0-B687-478A-A5A2-6D610527F320}.Release|x86.Deploy.0 = Release|x86
		{07E3F27F-826A-4103-A949-841F16FF0013}.Debug|Any CPU.ActiveCfg = Debug|x64
		{07E3F27F-826A-4103-A949-841F16FF0013}.Debug|Any CPU.Build.0 = Debug|x64
		{07E3F27F-826A-4103-A949-841F16FF0013}.Debug|Any CPU.Deploy.0 = Debug|x64
		{07E3F27F-826A-4103-A949-841F16FF0013}.Debug|ARM.ActiveCfg = Debug|ARM
		{07E3F27F-826A-4103-A949-841F16FF0013}.Debug|ARM.Build.0 = Debug|ARM
		{07E3F27F-826A-4103-A949-841F16FF0013}.Debug|ARM.Deploy.0 = Debug|ARM
		{07E3F27F-826A-4103-A949-841F16FF0013}.Debug|ARM64.ActiveCfg = Debug|ARM64
		{07E3F27F-826A-4103-A949-841F16FF0013}.Debug|ARM64.Build.0 = Debug|ARM64
		{07E3F27F-826A-4103-A949-841F16FF0013}.Debug|ARM64.Deploy.0 = Debug|ARM64
		{07E3F27F-826A-4103-A949-841F16FF0013}.Debug|x64.ActiveCfg = Debug|x64
		{07E3F27F-826A-4103-A949-841F16FF0013}.Debug|x64.Build.0 = Debug|x64
		{07E3F27F-826A-4103-A949-841F16FF0013}.Debug|x64.Deploy.0 = Debug|x64
		{07E3F27F-826A-4103-A949-841F16FF0013}.Debug|x86.ActiveCfg = Debug|x86
		{07E3F27F-826A-4103-A949-841F16FF0013}.Debug|x86.Build.0 = Debug|x86
		{07E3F27F-826A-4103-A949-841F16FF0013}.Debug|x86.Deploy.0 = Debug|x86
		{07E3F27F-826A-4103-A949-841F16FF0013}.Release|Any CPU.ActiveCfg = Release|x64
		{07E3F27F-826A-4103-A949-841F16FF0013}.Release|Any CPU.Build.0 = Release|x64
		{07E3F27F-826A-4103-A949-841F16FF0013}.Release|Any CPU.Deploy.0 = Release|x64
		{07E3F27F-826A-4103-A949-841F16FF0013}.Release|ARM.ActiveCfg = Release|ARM
		{07E3F27F-826A-4103-A949-841F16FF0013}.Release|ARM.Build.0 = Release|ARM
		{07E3F27F-826A-4103-A949-841F16FF0013}.Release|ARM.Deploy.0 = Release|ARM
		{07E3F27F-826A-4103-A949-841F16FF0013}.Release|ARM64.ActiveCfg = Release|ARM64
		{07E3F27F-826A-4103-A949-841F16FF0013}.Release|ARM64.Build.0 = Release|ARM64
		{07E3F27F-826A-4103-A949-841F16FF0013}.Release|ARM64.Deploy.0 = Release|ARM64
		{07E3F27F-826A-4103-A949-841F16FF0013}.Release|x64.ActiveCfg = Release|x64
		{07E3F27F-826A-4103-A949-841F16FF0013}.Release|x64.Build.0 = Release|x64
		{07E3F27F-826A-4103-A949-841F16FF0013}.Release|x64.Deploy.0 = Release|x64
		{07E3F27F-826A-4103-A949-841F16FF0013}.Release|x86.ActiveCfg = Release|x86
		{07E3F27F-826A-4103-A949-841F16FF0013}.Release|x86.Build.0 = Release|x86
		{07E3F27F-826A-4103-A949-841F16FF0013}.Release|x86.Deploy.0 = Release|x86
		{C4DED147-8C74-4F27-A02F-C0010210CC01}.Debug|Any CPU.ActiveCfg = Debug|Any CPU
		{C4DED147-8C74-4F27-A02F-C0010210CC01}.Debug|Any CPU.Build.0 = Debug|Any CPU
		{C4DED147-8C74-4F27-A02F-C0010210CC01}.Debug|Any CPU.Deploy.0 = Debug|Any CPU
		{C4DED147-8C74-4F27-A02F-C0010210CC01}.Debug|ARM.ActiveCfg = Debug|ARM
		{C4DED147-8C74-4F27-A02F-C0010210CC01}.Debug|ARM.Build.0 = Debug|ARM
		{C4DED147-8C74-4F27-A02F-C0010210CC01}.Debug|ARM.Deploy.0 = Debug|ARM
		{C4DED147-8C74-4F27-A02F-C0010210CC01}.Debug|ARM64.ActiveCfg = Debug|ARM64
		{C4DED147-8C74-4F27-A02F-C0010210CC01}.Debug|ARM64.Build.0 = Debug|ARM64
		{C4DED147-8C74-4F27-A02F-C0010210CC01}.Debug|ARM64.Deploy.0 = Debug|ARM64
		{C4DED147-8C74-4F27-A02F-C0010210CC01}.Debug|x64.ActiveCfg = Debug|x64
		{C4DED147-8C74-4F27-A02F-C0010210CC01}.Debug|x64.Build.0 = Debug|x64
		{C4DED147-8C74-4F27-A02F-C0010210CC01}.Debug|x64.Deploy.0 = Debug|x64
		{C4DED147-8C74-4F27-A02F-C0010210CC01}.Debug|x86.ActiveCfg = Debug|x86
		{C4DED147-8C74-4F27-A02F-C0010210CC01}.Debug|x86.Build.0 = Debug|x86
		{C4DED147-8C74-4F27-A02F-C0010210CC01}.Debug|x86.Deploy.0 = Debug|x86
		{C4DED147-8C74-4F27-A02F-C0010210CC01}.Release|Any CPU.ActiveCfg = Release|Any CPU
		{C4DED147-8C74-4F27-A02F-C0010210CC01}.Release|Any CPU.Build.0 = Release|Any CPU
		{C4DED147-8C74-4F27-A02F-C0010210CC01}.Release|Any CPU.Deploy.0 = Release|Any CPU
		{C4DED147-8C74-4F27-A02F-C0010210CC01}.Release|ARM.ActiveCfg = Release|ARM
		{C4DED147-8C74-4F27-A02F-C0010210CC01}.Release|ARM.Build.0 = Release|ARM
		{C4DED147-8C74-4F27-A02F-C0010210CC01}.Release|ARM.Deploy.0 = Release|ARM
		{C4DED147-8C74-4F27-A02F-C0010210CC01}.Release|ARM64.ActiveCfg = Release|ARM64
		{C4DED147-8C74-4F27-A02F-C0010210CC01}.Release|ARM64.Build.0 = Release|ARM64
		{C4DED147-8C74-4F27-A02F-C0010210CC01}.Release|ARM64.Deploy.0 = Release|ARM64
		{C4DED147-8C74-4F27-A02F-C0010210CC01}.Release|x64.ActiveCfg = Release|x64
		{C4DED147-8C74-4F27-A02F-C0010210CC01}.Release|x64.Build.0 = Release|x64
		{C4DED147-8C74-4F27-A02F-C0010210CC01}.Release|x64.Deploy.0 = Release|x64
		{C4DED147-8C74-4F27-A02F-C0010210CC01}.Release|x86.ActiveCfg = Release|x86
		{C4DED147-8C74-4F27-A02F-C0010210CC01}.Release|x86.Build.0 = Release|x86
		{C4DED147-8C74-4F27-A02F-C0010210CC01}.Release|x86.Deploy.0 = Release|x86
		{0B39EE7F-E6FD-4288-A562-6F0A3821F041}.Debug|Any CPU.ActiveCfg = Debug|Any CPU
		{0B39EE7F-E6FD-4288-A562-6F0A3821F041}.Debug|Any CPU.Build.0 = Debug|Any CPU
		{0B39EE7F-E6FD-4288-A562-6F0A3821F041}.Debug|ARM.ActiveCfg = Debug|ARM
		{0B39EE7F-E6FD-4288-A562-6F0A3821F041}.Debug|ARM.Build.0 = Debug|ARM
		{0B39EE7F-E6FD-4288-A562-6F0A3821F041}.Debug|ARM64.ActiveCfg = Debug|ARM64
		{0B39EE7F-E6FD-4288-A562-6F0A3821F041}.Debug|ARM64.Build.0 = Debug|ARM64
		{0B39EE7F-E6FD-4288-A562-6F0A3821F041}.Debug|x64.ActiveCfg = Debug|x64
		{0B39EE7F-E6FD-4288-A562-6F0A3821F041}.Debug|x64.Build.0 = Debug|x64
		{0B39EE7F-E6FD-4288-A562-6F0A3821F041}.Debug|x86.ActiveCfg = Debug|x86
		{0B39EE7F-E6FD-4288-A562-6F0A3821F041}.Debug|x86.Build.0 = Debug|x86
		{0B39EE7F-E6FD-4288-A562-6F0A3821F041}.Release|Any CPU.ActiveCfg = Release|Any CPU
		{0B39EE7F-E6FD-4288-A562-6F0A3821F041}.Release|Any CPU.Build.0 = Release|Any CPU
		{0B39EE7F-E6FD-4288-A562-6F0A3821F041}.Release|ARM.ActiveCfg = Release|ARM
		{0B39EE7F-E6FD-4288-A562-6F0A3821F041}.Release|ARM.Build.0 = Release|ARM
		{0B39EE7F-E6FD-4288-A562-6F0A3821F041}.Release|ARM64.ActiveCfg = Release|ARM64
		{0B39EE7F-E6FD-4288-A562-6F0A3821F041}.Release|ARM64.Build.0 = Release|ARM64
		{0B39EE7F-E6FD-4288-A562-6F0A3821F041}.Release|x64.ActiveCfg = Release|x64
		{0B39EE7F-E6FD-4288-A562-6F0A3821F041}.Release|x64.Build.0 = Release|x64
		{0B39EE7F-E6FD-4288-A562-6F0A3821F041}.Release|x86.ActiveCfg = Release|x86
		{0B39EE7F-E6FD-4288-A562-6F0A3821F041}.Release|x86.Build.0 = Release|x86
		{41713BED-5652-452F-A13F-F15F2FD7290A}.Debug|Any CPU.ActiveCfg = Debug|x64
		{41713BED-5652-452F-A13F-F15F2FD7290A}.Debug|Any CPU.Build.0 = Debug|x64
		{41713BED-5652-452F-A13F-F15F2FD7290A}.Debug|Any CPU.Deploy.0 = Debug|x64
		{41713BED-5652-452F-A13F-F15F2FD7290A}.Debug|ARM.ActiveCfg = Debug|ARM
		{41713BED-5652-452F-A13F-F15F2FD7290A}.Debug|ARM.Build.0 = Debug|ARM
		{41713BED-5652-452F-A13F-F15F2FD7290A}.Debug|ARM.Deploy.0 = Debug|ARM
		{41713BED-5652-452F-A13F-F15F2FD7290A}.Debug|ARM64.ActiveCfg = Debug|ARM64
		{41713BED-5652-452F-A13F-F15F2FD7290A}.Debug|ARM64.Build.0 = Debug|ARM64
		{41713BED-5652-452F-A13F-F15F2FD7290A}.Debug|ARM64.Deploy.0 = Debug|ARM64
		{41713BED-5652-452F-A13F-F15F2FD7290A}.Debug|x64.ActiveCfg = Debug|x64
		{41713BED-5652-452F-A13F-F15F2FD7290A}.Debug|x64.Build.0 = Debug|x64
		{41713BED-5652-452F-A13F-F15F2FD7290A}.Debug|x64.Deploy.0 = Debug|x64
		{41713BED-5652-452F-A13F-F15F2FD7290A}.Debug|x86.ActiveCfg = Debug|x86
		{41713BED-5652-452F-A13F-F15F2FD7290A}.Debug|x86.Build.0 = Debug|x86
		{41713BED-5652-452F-A13F-F15F2FD7290A}.Debug|x86.Deploy.0 = Debug|x86
		{41713BED-5652-452F-A13F-F15F2FD7290A}.Release|Any CPU.ActiveCfg = Release|x64
		{41713BED-5652-452F-A13F-F15F2FD7290A}.Release|Any CPU.Build.0 = Release|x64
		{41713BED-5652-452F-A13F-F15F2FD7290A}.Release|Any CPU.Deploy.0 = Release|x64
		{41713BED-5652-452F-A13F-F15F2FD7290A}.Release|ARM.ActiveCfg = Release|ARM
		{41713BED-5652-452F-A13F-F15F2FD7290A}.Release|ARM.Build.0 = Release|ARM
		{41713BED-5652-452F-A13F-F15F2FD7290A}.Release|ARM.Deploy.0 = Release|ARM
		{41713BED-5652-452F-A13F-F15F2FD7290A}.Release|ARM64.ActiveCfg = Release|ARM64
		{41713BED-5652-452F-A13F-F15F2FD7290A}.Release|ARM64.Build.0 = Release|ARM64
		{41713BED-5652-452F-A13F-F15F2FD7290A}.Release|ARM64.Deploy.0 = Release|ARM64
		{41713BED-5652-452F-A13F-F15F2FD7290A}.Release|x64.ActiveCfg = Release|x64
		{41713BED-5652-452F-A13F-F15F2FD7290A}.Release|x64.Build.0 = Release|x64
		{41713BED-5652-452F-A13F-F15F2FD7290A}.Release|x64.Deploy.0 = Release|x64
		{41713BED-5652-452F-A13F-F15F2FD7290A}.Release|x86.ActiveCfg = Release|x86
		{41713BED-5652-452F-A13F-F15F2FD7290A}.Release|x86.Build.0 = Release|x86
		{41713BED-5652-452F-A13F-F15F2FD7290A}.Release|x86.Deploy.0 = Release|x86
	EndGlobalSection
	GlobalSection(SolutionProperties) = preSolution
		HideSolutionNode = FALSE
	EndGlobalSection
	GlobalSection(ExtensibilityGlobals) = postSolution
		SolutionGuid = {142BE7B6-A99F-4D88-B5A2-68D5A0F2C81C}
	EndGlobalSection
EndGlobal
